
Microsoft Visual Studio Solution File, Format Version 12.00
# Visual Studio Version 17
VisualStudioVersion = 17.1.32210.238
MinimumVisualStudioVersion = 10.0.40219.1
Project("{9A19103F-16F7-4668-BE54-9A1E7A4F7556}") = "UnioDailyTeams", "UnioDailyTeams\UnioDailyTeams.csproj", "{87A86F62-CBC9-43B3-A050-E7FF60426995}"
EndProject
Global
	GlobalSection(SolutionConfigurationPlatforms) = preSolution
		Debug|Any CPU = Debug|Any CPU
		Release|Any CPU = Release|Any CPU
	EndGlobalSection
	GlobalSection(ProjectConfigurationPlatforms) = postSolution
		{87A86F62-CBC9-43B3-A050-E7FF60426995}.Debug|Any CPU.ActiveCfg = Debug|Any CPU
		{87A86F62-CBC9-43B3-A050-E7FF60426995}.Debug|Any CPU.Build.0 = Debug|Any CPU
		{87A86F62-CBC9-43B3-A050-E7FF60426995}.Release|Any CPU.ActiveCfg = Release|Any CPU
		{87A86F62-CBC9-43B3-A050-E7FF60426995}.Release|Any CPU.Build.0 = Release|Any CPU
	EndGlobalSection
	GlobalSection(SolutionProperties) = preSolution
		HideSolutionNode = FALSE
	EndGlobalSection
	GlobalSection(ExtensibilityGlobals) = postSolution
		SolutionGuid = {1A2B5988-996B-497A-8242-2E2198C79A51}
	EndGlobalSection
EndGlobal
